<Solution>
  <Project Path="SecondDimensionWatcherReDive.Framework/SecondDimensionWatcherReDive.Framework.csproj" />
  <Project Path="SecondDimensionWatcherReDive.Test/SecondDimensionWatcherReDive.Test.csproj" />
  <Project Path="SecondDimensionWatcherReDive.IntegrationTest/SecondDimensionWatcherReDive.IntegrationTest.csproj" />
  <Project Path="SecondDimensionWatcherReDive/SecondDimensionWatcherReDive.csproj" />
  <Project Path="SecondDimensionWatcherReDive.FUSE/SecondDimensionWatcherReDive.FUSE.csproj" />
  <Project Path="SecondDimensionWatcherReDive.FUSE.Test/SecondDimensionWatcherReDive.FUSE.Test.csproj" />
  <Folder Name="/Plugins/">
    <Project Path="Plugins/SecondDimensionWatcherReDive.AI/SecondDimensionWatcherReDive.AI.csproj" />
    <Project Path="Plugins/SecondDimensionWatcherReDive.Chat/SecondDimensionWatcherReDive.Chat.csproj" />
    <Project Path="Plugins/SecondDimensionWatcherReDive.Inference.AI/SecondDimensionWatcherReDive.Inference.AI.csproj" />
    <Project Path="Plugins/SecondDimensionWatcherReDive.NFS/SecondDimensionWatcherReDive.NFS.csproj" />
    <Project Path="Plugins/SecondDimensionWatcherReDive.WebDav/SecondDimensionWatcherReDive.WebDav.csproj" />
  </Folder>
  <Folder Name="/Share/">
    <Project Path="Share/SecondDimensionWatcherReDive.Analyzers/SecondDimensionWatcherReDive.Analyzers.csproj" />
  </Folder>
</Solution>
