<Solution>
  <Project Path="SecondDimensionWatcherReDive.Framework/SecondDimensionWatcherReDive.Framework.csproj" />
  <Project Path="SecondDimensionWatcherReDive.Test/SecondDimensionWatcherReDive.Test.csproj" />
  <Project Path="SecondDimensionWatcherReDive/SecondDimensionWatcherReDive.csproj" />
</Solution>
